
Microsoft Visual Studio Solution File, Format Version 12.00
# Visual Studio Version 17
VisualStudioVersion = 17.2.32630.192
MinimumVisualStudioVersion = 10.0.40219.1
Project("{FAE04EC0-301F-11D3-BF4B-00C04F79EFBC}") = "LetsBloob_2", "LetsBloob_2\LetsBloob_2.csproj", "{C481EED4-913E-4A34-8547-89AC1EDEB115}"
EndProject
Global
	GlobalSection(SolutionConfigurationPlatforms) = preSolution
		Debug|Any CPU = Debug|Any CPU
		Release|Any CPU = Release|Any CPU
	EndGlobalSection
	GlobalSection(ProjectConfigurationPlatforms) = postSolution
		{C481EED4-913E-4A34-8547-89AC1EDEB115}.Debug|Any CPU.ActiveCfg = Debug|Any CPU
		{C481EED4-913E-4A34-8547-89AC1EDEB115}.Debug|Any CPU.Build.0 = Debug|Any CPU
		{C481EED4-913E-4A34-8547-89AC1EDEB115}.Release|Any CPU.ActiveCfg = Release|Any CPU
		{C481EED4-913E-4A34-8547-89AC1EDEB115}.Release|Any CPU.Build.0 = Release|Any CPU
	EndGlobalSection
	GlobalSection(SolutionProperties) = preSolution
		HideSolutionNode = FALSE
	EndGlobalSection
	GlobalSection(ExtensibilityGlobals) = postSolution
		SolutionGuid = {986D4880-5603-4670-ABB2-B04FCCE84F5A}
	EndGlobalSection
EndGlobal
